
Microsoft Visual Studio Solution File, Format Version 12.00
# Visual Studio Version 17
VisualStudioVersion = 17.12.35527.113 d17.12
MinimumVisualStudioVersion = 10.0.40219.1
Project("{FAE04EC0-301F-11D3-BF4B-00C04F79EFBC}") = "SecondPAA - API With DB", "SecondPAA - API With DB\SecondPAA - API With DB.csproj", "{84504105-04AE-4678-9C76-4D3B416EDCDC}"
EndProject
Global
	GlobalSection(SolutionConfigurationPlatforms) = preSolution
		Debug|Any CPU = Debug|Any CPU
		Release|Any CPU = Release|Any CPU
	EndGlobalSection
	GlobalSection(ProjectConfigurationPlatforms) = postSolution
		{84504105-04AE-4678-9C76-4D3B416EDCDC}.Debug|Any CPU.ActiveCfg = Debug|Any CPU
		{84504105-04AE-4678-9C76-4D3B416EDCDC}.Debug|Any CPU.Build.0 = Debug|Any CPU
		{84504105-04AE-4678-9C76-4D3B416EDCDC}.Release|Any CPU.ActiveCfg = Release|Any CPU
		{84504105-04AE-4678-9C76-4D3B416EDCDC}.Release|Any CPU.Build.0 = Release|Any CPU
	EndGlobalSection
	GlobalSection(SolutionProperties) = preSolution
		HideSolutionNode = FALSE
	EndGlobalSection
EndGlobal
